
Microsoft Visual Studio Solution File, Format Version 12.00
Project("{2150E333-8FDC-42A3-9474-1A3956D46DE8}") = "01. SRC", "01. SRC", "{3033A2C2-ACF3-4C57-8F43-C5807BE652BD}"
EndProject
Project("{FAE04EC0-301F-11D3-BF4B-00C04F79EFBC}") = "RuleFlow.Abstractions", "src\RuleFlow.Abstractions\RuleFlow.Abstractions.csproj", "{74D2A044-584D-442E-BCF7-8D6308105B2B}"
EndProject
Project("{FAE04EC0-301F-11D3-BF4B-00C04F79EFBC}") = "RuleFlow.Core", "src\RuleFlow.Core\RuleFlow.Core.csproj", "{73A9940D-B09F-4998-9FC5-F6C67F480746}"
EndProject
Project("{2150E333-8FDC-42A3-9474-1A3956D46DE8}") = "02. Tests", "02. Tests", "{475D2EC4-9702-4CAF-8FED-E6D2E264AAFD}"
EndProject
Project("{2150E333-8FDC-42A3-9474-1A3956D46DE8}") = "04. Samples", "04. Samples", "{D62A7354-CAD9-4994-9C77-46311BAB8683}"
EndProject
Project("{2150E333-8FDC-42A3-9474-1A3956D46DE8}") = "03. Docs", "03. Docs", "{E4E65BC5-7980-449F-885A-573E7EDC7BB7}"
EndProject
Project("{FAE04EC0-301F-11D3-BF4B-00C04F79EFBC}") = "RuleFlow.ConsoleSample", "samples\RuleFlow.ConsoleSample\RuleFlow.ConsoleSample.csproj", "{0DE79804-A1BA-4F02-8614-3295DF314D84}"
EndProject
Project("{FAE04EC0-301F-11D3-BF4B-00C04F79EFBC}") = "RuleFlow.Core.Tests", "tests\RuleFlow.Core.Tests\RuleFlow.Core.Tests.csproj", "{657D7AA4-3D89-4162-8CDD-1B6968DFAAAD}"
EndProject
Global
	GlobalSection(SolutionConfigurationPlatforms) = preSolution
		Debug|Any CPU = Debug|Any CPU
		Release|Any CPU = Release|Any CPU
	EndGlobalSection
	GlobalSection(ProjectConfigurationPlatforms) = postSolution
		{74D2A044-584D-442E-BCF7-8D6308105B2B}.Debug|Any CPU.ActiveCfg = Debug|Any CPU
		{74D2A044-584D-442E-BCF7-8D6308105B2B}.Debug|Any CPU.Build.0 = Debug|Any CPU
		{74D2A044-584D-442E-BCF7-8D6308105B2B}.Release|Any CPU.ActiveCfg = Release|Any CPU
		{74D2A044-584D-442E-BCF7-8D6308105B2B}.Release|Any CPU.Build.0 = Release|Any CPU
		{73A9940D-B09F-4998-9FC5-F6C67F480746}.Debug|Any CPU.ActiveCfg = Debug|Any CPU
		{73A9940D-B09F-4998-9FC5-F6C67F480746}.Debug|Any CPU.Build.0 = Debug|Any CPU
		{73A9940D-B09F-4998-9FC5-F6C67F480746}.Release|Any CPU.ActiveCfg = Release|Any CPU
		{73A9940D-B09F-4998-9FC5-F6C67F480746}.Release|Any CPU.Build.0 = Release|Any CPU
		{0DE79804-A1BA-4F02-8614-3295DF314D84}.Debug|Any CPU.ActiveCfg = Debug|Any CPU
		{0DE79804-A1BA-4F02-8614-3295DF314D84}.Debug|Any CPU.Build.0 = Debug|Any CPU
		{0DE79804-A1BA-4F02-8614-3295DF314D84}.Release|Any CPU.ActiveCfg = Release|Any CPU
		{0DE79804-A1BA-4F02-8614-3295DF314D84}.Release|Any CPU.Build.0 = Release|Any CPU
		{657D7AA4-3D89-4162-8CDD-1B6968DFAAAD}.Debug|Any CPU.ActiveCfg = Debug|Any CPU
		{657D7AA4-3D89-4162-8CDD-1B6968DFAAAD}.Debug|Any CPU.Build.0 = Debug|Any CPU
		{657D7AA4-3D89-4162-8CDD-1B6968DFAAAD}.Release|Any CPU.ActiveCfg = Release|Any CPU
		{657D7AA4-3D89-4162-8CDD-1B6968DFAAAD}.Release|Any CPU.Build.0 = Release|Any CPU
	EndGlobalSection
	GlobalSection(NestedProjects) = preSolution
		{74D2A044-584D-442E-BCF7-8D6308105B2B} = {3033A2C2-ACF3-4C57-8F43-C5807BE652BD}
		{73A9940D-B09F-4998-9FC5-F6C67F480746} = {3033A2C2-ACF3-4C57-8F43-C5807BE652BD}
		{0DE79804-A1BA-4F02-8614-3295DF314D84} = {D62A7354-CAD9-4994-9C77-46311BAB8683}
		{657D7AA4-3D89-4162-8CDD-1B6968DFAAAD} = {475D2EC4-9702-4CAF-8FED-E6D2E264AAFD}
	EndGlobalSection
EndGlobal
